
Microsoft Visual Studio Solution File, Format Version 12.00
# Visual Studio Version 17
VisualStudioVersion = 17.8.34322.80
MinimumVisualStudioVersion = 10.0.40219.1
Project("{9A19103F-16F7-4668-BE54-9A1E7A4F7556}") = "STKDotNetCore.ConsoleApp", "STKDotNetCore.ConsoleApp\STKDotNetCore.ConsoleApp.csproj", "{E0F876CA-F4EC-49CE-86D0-A015CDBE717F}"
EndProject
Project("{2150E333-8FDC-42A3-9474-1A3956D46DE8}") = "Documents", "Documents", "{EB7E3D99-07DA-4027-9B3A-E9F4270688C3}"
	ProjectSection(SolutionItems) = preProject
		README.md = README.md
	EndProjectSection
EndProject
Project("{9A19103F-16F7-4668-BE54-9A1E7A4F7556}") = "STKDotNetCore.RestApi", "STKDotNetCore.RestApi\STKDotNetCore.RestApi.csproj", "{258D6E80-293A-4D42-A034-9BB4C06F3D7F}"
EndProject
Project("{9A19103F-16F7-4668-BE54-9A1E7A4F7556}") = "STKDotNetCore.Shared", "STKDotNetCore.Shared\STKDotNetCore.Shared.csproj", "{5A058D0B-EB4B-43D3-B303-80F9DC3C4D03}"
EndProject
Project("{9A19103F-16F7-4668-BE54-9A1E7A4F7556}") = "STKDotNetCore.RestApiWithNLayer", "STKDotNetCore.RestApiWithNLayer\STKDotNetCore.RestApiWithNLayer.csproj", "{33081966-14EC-4F6A-A928-36345B7604BB}"
EndProject
Project("{9A19103F-16F7-4668-BE54-9A1E7A4F7556}") = "STKDotNetCore.ConsoleAppHttpClient", "STKDotNetCore.ConsoleAppHttpClient\STKDotNetCore.ConsoleAppHttpClient.csproj", "{03B971A6-3B17-4B0E-A5D8-B08CF5500AB3}"
EndProject
Project("{9A19103F-16F7-4668-BE54-9A1E7A4F7556}") = "STKDotNetCore.RestApiMyanmarProverbs", "STKDotNetCore.RestApiMyanmarProverbs\STKDotNetCore.RestApiMyanmarProverbs.csproj", "{EEA56C89-2700-4C1A-A934-09FC605FD948}"
EndProject
Project("{9A19103F-16F7-4668-BE54-9A1E7A4F7556}") = "STKDotNetCore.ConsoleAppHttpClientExamples", "STKDotNetCore.ConsoleAppHttpClientExamples\STKDotNetCore.ConsoleAppHttpClientExamples.csproj", "{BF96C8EF-6615-4273-A6E5-4303044C45F6}"
EndProject
Project("{9A19103F-16F7-4668-BE54-9A1E7A4F7556}") = "STKDotNetCore.ConsoleAppRestClientExamples", "STKDotNetCore.ConsoleAppRestClientExamples\STKDotNetCore.ConsoleAppRestClientExamples.csproj", "{E3427945-E379-4B82-8CE7-62003EC90646}"
EndProject
Project("{9A19103F-16F7-4668-BE54-9A1E7A4F7556}") = "STKDotNetCore.PizzaApi", "STKDotNetCore.PizzaApi\STKDotNetCore.PizzaApi.csproj", "{7DDED677-C731-4209-890E-4E09CA462EFE}"
EndProject
Project("{9A19103F-16F7-4668-BE54-9A1E7A4F7556}") = "STKDotNetCore.ConsoleAppRefitExamples", "STKDotNetCore.ConsoleAppRefitExamples\STKDotNetCore.ConsoleAppRefitExamples.csproj", "{55398413-A42A-49E3-8A05-E87B740BB17F}"
EndProject
Project("{9A19103F-16F7-4668-BE54-9A1E7A4F7556}") = "STKDotNetCore.WinFormsApp", "STKDotNetCore.WinFormsApp\STKDotNetCore.WinFormsApp.csproj", "{82BBEA6B-F130-40E4-AE3A-18A5910CC7DC}"
EndProject
Project("{9A19103F-16F7-4668-BE54-9A1E7A4F7556}") = "STKDotNetCore.WinFormsAppSqlInjection", "STKDotNetCore.WinFormsAppSqlInjection\STKDotNetCore.WinFormsAppSqlInjection.csproj", "{A6D87CF5-213C-4007-8E2C-3429BD16F92C}"
EndProject
Project("{9A19103F-16F7-4668-BE54-9A1E7A4F7556}") = "STKDotNetCore.NLayer.UI", "STKDotNetCore.NLayer.UI\STKDotNetCore.NLayer.UI.csproj", "{96E50153-4D3E-474C-B7C5-2924B283089F}"
EndProject
Project("{9A19103F-16F7-4668-BE54-9A1E7A4F7556}") = "STKDotNetCore.NLayer.BusinessLogic", "STKDotNetCore.NLayer.BusinessLogic\STKDotNetCore.NLayer.BusinessLogic.csproj", "{40182062-74A3-4B63-B7D8-431B82AC4242}"
EndProject
Project("{9A19103F-16F7-4668-BE54-9A1E7A4F7556}") = "STKDotNetCore.NLayer.DataAccess", "STKDotNetCore.NLayer.DataAccess\STKDotNetCore.NLayer.DataAccess.csproj", "{E4596703-3F18-4339-BFA9-13BD66EA5DA3}"
EndProject
Project("{9A19103F-16F7-4668-BE54-9A1E7A4F7556}") = "STKDotNetCore.MinimalApi", "STKDotNetCore.MinimalApi\STKDotNetCore.MinimalApi.csproj", "{A628D28C-344F-42F1-89BD-C1374690A24F}"
EndProject
Project("{9A19103F-16F7-4668-BE54-9A1E7A4F7556}") = "STKDotNetCore.MvcApp", "STKDotNetCore.MvcApp\STKDotNetCore.MvcApp.csproj", "{C9EE8106-5BAD-4766-A2F3-4C970CF45A84}"
EndProject
Project("{9A19103F-16F7-4668-BE54-9A1E7A4F7556}") = "STKDotNetCore.MvcApp2", "STKDotNetCore.MvcApp2\STKDotNetCore.MvcApp2.csproj", "{4DC322E8-A9BF-4FB8-8095-A98A578FE7D9}"
EndProject
Project("{9A19103F-16F7-4668-BE54-9A1E7A4F7556}") = "STKDotNetCore.MvcChartApp", "STKDotNetCore.MvcChartApp\STKDotNetCore.MvcChartApp.csproj", "{582638F1-1F57-4812-B7D1-B25684669EF2}"
EndProject
Project("{9A19103F-16F7-4668-BE54-9A1E7A4F7556}") = "STKDotNetCore.ConsoleAppLogging", "STKDotNetCore.ConsoleAppLogging\STKDotNetCore.ConsoleAppLogging.csproj", "{4A5D7665-8060-4C12-8EBA-02F7F2D6FB1B}"
EndProject
Project("{9A19103F-16F7-4668-BE54-9A1E7A4F7556}") = "STKDotNetCore.RealtimeChatApp", "STKDotNetCore.RealtimeChatApp\STKDotNetCore.RealtimeChatApp.csproj", "{CCF9C927-9EF3-4063-8521-430450217F13}"
EndProject
Project("{9A19103F-16F7-4668-BE54-9A1E7A4F7556}") = "STKDotNetCore.RealtimeChartApp", "STKDotNetCore.RealtimeChartApp\STKDotNetCore.RealtimeChartApp.csproj", "{C784EDCF-63F4-42A1-8099-6825B291B904}"
EndProject
Project("{FAE04EC0-301F-11D3-BF4B-00C04F79EFBC}") = "STKDotNetCore.ConsoleAppEFCore", "STKDotNetCore.ConsoleAppEFCore\STKDotNetCore.ConsoleAppEFCore.csproj", "{FD1B31A7-43F3-4D2F-8E2A-029AD438DE5A}"
EndProject
Project("{FAE04EC0-301F-11D3-BF4B-00C04F79EFBC}") = "STKDotNetCore.ConsoleAppEFCore.Databases", "STKDotNetCore.ConsoleAppEFCore.Databases\STKDotNetCore.ConsoleAppEFCore.Databases.csproj", "{2BA545CA-504B-40AE-A338-9160984CF62D}"
EndProject
Global
	GlobalSection(SolutionConfigurationPlatforms) = preSolution
		Debug|Any CPU = Debug|Any CPU
		Release|Any CPU = Release|Any CPU
	EndGlobalSection
	GlobalSection(ProjectConfigurationPlatforms) = postSolution
		{E0F876CA-F4EC-49CE-86D0-A015CDBE717F}.Debug|Any CPU.ActiveCfg = Debug|Any CPU
		{E0F876CA-F4EC-49CE-86D0-A015CDBE717F}.Debug|Any CPU.Build.0 = Debug|Any CPU
		{E0F876CA-F4EC-49CE-86D0-A015CDBE717F}.Release|Any CPU.ActiveCfg = Release|Any CPU
		{E0F876CA-F4EC-49CE-86D0-A015CDBE717F}.Release|Any CPU.Build.0 = Release|Any CPU
		{258D6E80-293A-4D42-A034-9BB4C06F3D7F}.Debug|Any CPU.ActiveCfg = Debug|Any CPU
		{258D6E80-293A-4D42-A034-9BB4C06F3D7F}.Debug|Any CPU.Build.0 = Debug|Any CPU
		{258D6E80-293A-4D42-A034-9BB4C06F3D7F}.Release|Any CPU.ActiveCfg = Release|Any CPU
		{258D6E80-293A-4D42-A034-9BB4C06F3D7F}.Release|Any CPU.Build.0 = Release|Any CPU
		{5A058D0B-EB4B-43D3-B303-80F9DC3C4D03}.Debug|Any CPU.ActiveCfg = Debug|Any CPU
		{5A058D0B-EB4B-43D3-B303-80F9DC3C4D03}.Debug|Any CPU.Build.0 = Debug|Any CPU
		{5A058D0B-EB4B-43D3-B303-80F9DC3C4D03}.Release|Any CPU.ActiveCfg = Release|Any CPU
		{5A058D0B-EB4B-43D3-B303-80F9DC3C4D03}.Release|Any CPU.Build.0 = Release|Any CPU
		{33081966-14EC-4F6A-A928-36345B7604BB}.Debug|Any CPU.ActiveCfg = Debug|Any CPU
		{33081966-14EC-4F6A-A928-36345B7604BB}.Debug|Any CPU.Build.0 = Debug|Any CPU
		{33081966-14EC-4F6A-A928-36345B7604BB}.Release|Any CPU.ActiveCfg = Release|Any CPU
		{33081966-14EC-4F6A-A928-36345B7604BB}.Release|Any CPU.Build.0 = Release|Any CPU
		{03B971A6-3B17-4B0E-A5D8-B08CF5500AB3}.Debug|Any CPU.ActiveCfg = Debug|Any CPU
		{03B971A6-3B17-4B0E-A5D8-B08CF5500AB3}.Debug|Any CPU.Build.0 = Debug|Any CPU
		{03B971A6-3B17-4B0E-A5D8-B08CF5500AB3}.Release|Any CPU.ActiveCfg = Release|Any CPU
		{03B971A6-3B17-4B0E-A5D8-B08CF5500AB3}.Release|Any CPU.Build.0 = Release|Any CPU
		{EEA56C89-2700-4C1A-A934-09FC605FD948}.Debug|Any CPU.ActiveCfg = Debug|Any CPU
		{EEA56C89-2700-4C1A-A934-09FC605FD948}.Debug|Any CPU.Build.0 = Debug|Any CPU
		{EEA56C89-2700-4C1A-A934-09FC605FD948}.Release|Any CPU.ActiveCfg = Release|Any CPU
		{EEA56C89-2700-4C1A-A934-09FC605FD948}.Release|Any CPU.Build.0 = Release|Any CPU
		{BF96C8EF-6615-4273-A6E5-4303044C45F6}.Debug|Any CPU.ActiveCfg = Debug|Any CPU
		{BF96C8EF-6615-4273-A6E5-4303044C45F6}.Debug|Any CPU.Build.0 = Debug|Any CPU
		{BF96C8EF-6615-4273-A6E5-4303044C45F6}.Release|Any CPU.ActiveCfg = Release|Any CPU
		{BF96C8EF-6615-4273-A6E5-4303044C45F6}.Release|Any CPU.Build.0 = Release|Any CPU
		{E3427945-E379-4B82-8CE7-62003EC90646}.Debug|Any CPU.ActiveCfg = Debug|Any CPU
		{E3427945-E379-4B82-8CE7-62003EC90646}.Debug|Any CPU.Build.0 = Debug|Any CPU
		{E3427945-E379-4B82-8CE7-62003EC90646}.Release|Any CPU.ActiveCfg = Release|Any CPU
		{E3427945-E379-4B82-8CE7-62003EC90646}.Release|Any CPU.Build.0 = Release|Any CPU
		{7DDED677-C731-4209-890E-4E09CA462EFE}.Debug|Any CPU.ActiveCfg = Debug|Any CPU
		{7DDED677-C731-4209-890E-4E09CA462EFE}.Debug|Any CPU.Build.0 = Debug|Any CPU
		{7DDED677-C731-4209-890E-4E09CA462EFE}.Release|Any CPU.ActiveCfg = Release|Any CPU
		{7DDED677-C731-4209-890E-4E09CA462EFE}.Release|Any CPU.Build.0 = Release|Any CPU
		{55398413-A42A-49E3-8A05-E87B740BB17F}.Debug|Any CPU.ActiveCfg = Debug|Any CPU
		{55398413-A42A-49E3-8A05-E87B740BB17F}.Debug|Any CPU.Build.0 = Debug|Any CPU
		{55398413-A42A-49E3-8A05-E87B740BB17F}.Release|Any CPU.ActiveCfg = Release|Any CPU
		{55398413-A42A-49E3-8A05-E87B740BB17F}.Release|Any CPU.Build.0 = Release|Any CPU
		{82BBEA6B-F130-40E4-AE3A-18A5910CC7DC}.Debug|Any CPU.ActiveCfg = Debug|Any CPU
		{82BBEA6B-F130-40E4-AE3A-18A5910CC7DC}.Debug|Any CPU.Build.0 = Debug|Any CPU
		{82BBEA6B-F130-40E4-AE3A-18A5910CC7DC}.Release|Any CPU.ActiveCfg = Release|Any CPU
		{82BBEA6B-F130-40E4-AE3A-18A5910CC7DC}.Release|Any CPU.Build.0 = Release|Any CPU
		{A6D87CF5-213C-4007-8E2C-3429BD16F92C}.Debug|Any CPU.ActiveCfg = Debug|Any CPU
		{A6D87CF5-213C-4007-8E2C-3429BD16F92C}.Debug|Any CPU.Build.0 = Debug|Any CPU
		{A6D87CF5-213C-4007-8E2C-3429BD16F92C}.Release|Any CPU.ActiveCfg = Release|Any CPU
		{A6D87CF5-213C-4007-8E2C-3429BD16F92C}.Release|Any CPU.Build.0 = Release|Any CPU
		{96E50153-4D3E-474C-B7C5-2924B283089F}.Debug|Any CPU.ActiveCfg = Debug|Any CPU
		{96E50153-4D3E-474C-B7C5-2924B283089F}.Debug|Any CPU.Build.0 = Debug|Any CPU
		{96E50153-4D3E-474C-B7C5-2924B283089F}.Release|Any CPU.ActiveCfg = Release|Any CPU
		{96E50153-4D3E-474C-B7C5-2924B283089F}.Release|Any CPU.Build.0 = Release|Any CPU
		{40182062-74A3-4B63-B7D8-431B82AC4242}.Debug|Any CPU.ActiveCfg = Debug|Any CPU
		{40182062-74A3-4B63-B7D8-431B82AC4242}.Debug|Any CPU.Build.0 = Debug|Any CPU
		{40182062-74A3-4B63-B7D8-431B82AC4242}.Release|Any CPU.ActiveCfg = Release|Any CPU
		{40182062-74A3-4B63-B7D8-431B82AC4242}.Release|Any CPU.Build.0 = Release|Any CPU
		{E4596703-3F18-4339-BFA9-13BD66EA5DA3}.Debug|Any CPU.ActiveCfg = Debug|Any CPU
		{E4596703-3F18-4339-BFA9-13BD66EA5DA3}.Debug|Any CPU.Build.0 = Debug|Any CPU
		{E4596703-3F18-4339-BFA9-13BD66EA5DA3}.Release|Any CPU.ActiveCfg = Release|Any CPU
		{E4596703-3F18-4339-BFA9-13BD66EA5DA3}.Release|Any CPU.Build.0 = Release|Any CPU
		{A628D28C-344F-42F1-89BD-C1374690A24F}.Debug|Any CPU.ActiveCfg = Debug|Any CPU
		{A628D28C-344F-42F1-89BD-C1374690A24F}.Debug|Any CPU.Build.0 = Debug|Any CPU
		{A628D28C-344F-42F1-89BD-C1374690A24F}.Release|Any CPU.ActiveCfg = Release|Any CPU
		{A628D28C-344F-42F1-89BD-C1374690A24F}.Release|Any CPU.Build.0 = Release|Any CPU
		{C9EE8106-5BAD-4766-A2F3-4C970CF45A84}.Debug|Any CPU.ActiveCfg = Debug|Any CPU
		{C9EE8106-5BAD-4766-A2F3-4C970CF45A84}.Debug|Any CPU.Build.0 = Debug|Any CPU
		{C9EE8106-5BAD-4766-A2F3-4C970CF45A84}.Release|Any CPU.ActiveCfg = Release|Any CPU
		{C9EE8106-5BAD-4766-A2F3-4C970CF45A84}.Release|Any CPU.Build.0 = Release|Any CPU
		{4DC322E8-A9BF-4FB8-8095-A98A578FE7D9}.Debug|Any CPU.ActiveCfg = Debug|Any CPU
		{4DC322E8-A9BF-4FB8-8095-A98A578FE7D9}.Debug|Any CPU.Build.0 = Debug|Any CPU
		{4DC322E8-A9BF-4FB8-8095-A98A578FE7D9}.Release|Any CPU.ActiveCfg = Release|Any CPU
		{4DC322E8-A9BF-4FB8-8095-A98A578FE7D9}.Release|Any CPU.Build.0 = Release|Any CPU
		{582638F1-1F57-4812-B7D1-B25684669EF2}.Debug|Any CPU.ActiveCfg = Debug|Any CPU
		{582638F1-1F57-4812-B7D1-B25684669EF2}.Debug|Any CPU.Build.0 = Debug|Any CPU
		{582638F1-1F57-4812-B7D1-B25684669EF2}.Release|Any CPU.ActiveCfg = Release|Any CPU
		{582638F1-1F57-4812-B7D1-B25684669EF2}.Release|Any CPU.Build.0 = Release|Any CPU
		{4A5D7665-8060-4C12-8EBA-02F7F2D6FB1B}.Debug|Any CPU.ActiveCfg = Debug|Any CPU
		{4A5D7665-8060-4C12-8EBA-02F7F2D6FB1B}.Debug|Any CPU.Build.0 = Debug|Any CPU
		{4A5D7665-8060-4C12-8EBA-02F7F2D6FB1B}.Release|Any CPU.ActiveCfg = Release|Any CPU
		{4A5D7665-8060-4C12-8EBA-02F7F2D6FB1B}.Release|Any CPU.Build.0 = Release|Any CPU
		{CCF9C927-9EF3-4063-8521-430450217F13}.Debug|Any CPU.ActiveCfg = Debug|Any CPU
		{CCF9C927-9EF3-4063-8521-430450217F13}.Debug|Any CPU.Build.0 = Debug|Any CPU
		{CCF9C927-9EF3-4063-8521-430450217F13}.Release|Any CPU.ActiveCfg = Release|Any CPU
		{CCF9C927-9EF3-4063-8521-430450217F13}.Release|Any CPU.Build.0 = Release|Any CPU
		{C784EDCF-63F4-42A1-8099-6825B291B904}.Debug|Any CPU.ActiveCfg = Debug|Any CPU
		{C784EDCF-63F4-42A1-8099-6825B291B904}.Debug|Any CPU.Build.0 = Debug|Any CPU
		{C784EDCF-63F4-42A1-8099-6825B291B904}.Release|Any CPU.ActiveCfg = Release|Any CPU
		{C784EDCF-63F4-42A1-8099-6825B291B904}.Release|Any CPU.Build.0 = Release|Any CPU
		{FD1B31A7-43F3-4D2F-8E2A-029AD438DE5A}.Debug|Any CPU.ActiveCfg = Debug|Any CPU
		{FD1B31A7-43F3-4D2F-8E2A-029AD438DE5A}.Debug|Any CPU.Build.0 = Debug|Any CPU
		{FD1B31A7-43F3-4D2F-8E2A-029AD438DE5A}.Release|Any CPU.ActiveCfg = Release|Any CPU
		{FD1B31A7-43F3-4D2F-8E2A-029AD438DE5A}.Release|Any CPU.Build.0 = Release|Any CPU
		{2BA545CA-504B-40AE-A338-9160984CF62D}.Debug|Any CPU.ActiveCfg = Debug|Any CPU
		{2BA545CA-504B-40AE-A338-9160984CF62D}.Debug|Any CPU.Build.0 = Debug|Any CPU
		{2BA545CA-504B-40AE-A338-9160984CF62D}.Release|Any CPU.ActiveCfg = Release|Any CPU
		{2BA545CA-504B-40AE-A338-9160984CF62D}.Release|Any CPU.Build.0 = Release|Any CPU
	EndGlobalSection
	GlobalSection(SolutionProperties) = preSolution
		HideSolutionNode = FALSE
	EndGlobalSection
	GlobalSection(ExtensibilityGlobals) = postSolution
		SolutionGuid = {02A98412-8D55-4556-95C8-E51B6E0751EB}
	EndGlobalSection
EndGlobal
